
Microsoft Visual Studio Solution File, Format Version 12.00
Project("{FAE04EC0-301F-11D3-BF4B-00C04F79EFBC}") = "TMDbCollections", "TMDbCollections\TMDbCollections.csproj", "{A6C0029B-F304-4577-92D3-32153DCE1FDC}"
EndProject
Global
	GlobalSection(SolutionConfigurationPlatforms) = preSolution
		Debug|Any CPU = Debug|Any CPU
		Release|Any CPU = Release|Any CPU
	EndGlobalSection
	GlobalSection(ProjectConfigurationPlatforms) = postSolution
		{A6C0029B-F304-4577-92D3-32153DCE1FDC}.Debug|Any CPU.ActiveCfg = Debug|Any CPU
		{A6C0029B-F304-4577-92D3-32153DCE1FDC}.Debug|Any CPU.Build.0 = Debug|Any CPU
		{A6C0029B-F304-4577-92D3-32153DCE1FDC}.Release|Any CPU.ActiveCfg = Release|Any CPU
		{A6C0029B-F304-4577-92D3-32153DCE1FDC}.Release|Any CPU.Build.0 = Release|Any CPU
	EndGlobalSection
EndGlobal
